PODS:
  - AWSCloudWatch (2.5.9):
    - AWSCore (= 2.5.9)
  - AWSCognito (2.5.9):
    - AWSCore (= 2.5.9)
  - AWSCognitoIdentityProvider (2.5.9):
    - AWSCore (= 2.5.9)
  - AWSCore (2.5.9)
  - AWSDynamoDB (2.5.9):
    - AWSCore (= 2.5.9)
  - AWSEC2 (2.5.9):
    - AWSCore (= 2.5.9)
  - AWSElasticLoadBalancing (2.5.9):
    - AWSCore (= 2.5.9)
  - AWSIoT (2.5.9):
    - AWSCore (= 2.5.9)
  - AWSKinesis (2.5.9):
    - AWSCore (= 2.5.9)
  - AWSLambda (2.5.9):
    - AWSCore (= 2.5.9)
  - AWSLex (2.5.9):
    - AWSCore (= 2.5.9)
  - AWSMachineLearning (2.5.9):
    - AWSCore (= 2.5.9)
  - AWSMobileAnalytics (2.5.9):
    - AWSCore (= 2.5.9)
  - AWSPinpoint (2.5.9):
    - AWSCore (= 2.5.9)
  - AWSPolly (2.5.9):
    - AWSCore (= 2.5.9)
  - AWSRekognition (2.5.9):
    - AWSCore (= 2.5.9)
  - AWSS3 (2.5.9):
    - AWSCore (= 2.5.9)
  - AWSSES (2.5.9):
    - AWSCore (= 2.5.9)
  - AWSSimpleDB (2.5.9):
    - AWSCore (= 2.5.9)
  - AWSSNS (2.5.9):
    - AWSCore (= 2.5.9)
  - AWSSQS (2.5.9):
    - AWSCore (= 2.5.9)

DEPENDENCIES:
  - AWSCloudWatch
  - AWSCognito
  - AWSCognitoIdentityProvider
  - AWSCore
  - AWSDynamoDB
  - AWSEC2
  - AWSElasticLoadBalancing
  - AWSIoT
  - AWSKinesis
  - AWSLambda
  - AWSLex
  - AWSMachineLearning
  - AWSMobileAnalytics
  - AWSPinpoint
  - AWSPolly
  - AWSRekognition
  - AWSS3
  - AWSSES
  - AWSSimpleDB
  - AWSSNS
  - AWSSQS

SPEC CHECKSUMS:
  AWSCloudWatch: f453baacca1fda963326f5e5208cefaeb8cb8820
  AWSCognito: 5dfe4120e7f77b2e77396b4532e4aacacc4ae08d
  AWSCognitoIdentityProvider: 4655e97cfbb4347591db74b33e8c89309ca25131
  AWSCore: c71840dd51f271dc0af8de8fd6f352767ebde8b4
  AWSDynamoDB: 5817c47852d1548645d9eb23f809d57d763975f9
  AWSEC2: 0e7021d093914ca0d421e8829cf262975467f791
  AWSElasticLoadBalancing: 998618407dd3108ee84c087ebd401fb4418f5006
  AWSIoT: c10cee06f05eab49aa429d332cb5ba5ddbaf7d65
  AWSKinesis: 55631b3f235d363afbe172a08862f13ce3f9b929
  AWSLambda: 6f0b58a4258b643382a3d9170686768cf90ba56a
  AWSLex: fb29e16c3f4b2c3dab261983d80d24701ac94a40
  AWSMachineLearning: 5042a87766b76188594e7ccbabdf676c8785ce65
  AWSMobileAnalytics: cd23e8c06cc58c42e3326512ce682abbff3345c2
  AWSPinpoint: 2ab08b9eaeb77e3cb2d134908bd5706cff465d4f
  AWSPolly: a2b4010bf729441daf3cf877d9813087bc0f2433
  AWSRekognition: 3d3e9e0b69c75fd33eda36fa6c9d9e317e69eb4d
  AWSS3: c36b91edb50ccd676be4a92836bb72f0c2ac312b
  AWSSES: 1125079ce6b943a094c92f00a7e8406672da0ac2
  AWSSimpleDB: b4634cb259b106aa73f63435c6991428fea461f1
  AWSSNS: 158640bc69947f179eff6ac96a9ab9d4893675c1
  AWSSQS: eaec6df70bd4112d88b8fae0d8c5987b1fd471a3

PODFILE CHECKSUM: 54ebf4a8c58ac77399f698b371f49b97ca38e91a

COCOAPODS: 1.3.1
